{
  "requires": true,
  "lockfileVersion": 1,
  "dependencies": {
    "@ant-design/colors": {
      "version": "4.0.5",
      "resolved": "https://mirrors.huaweicloud.com/repository/npm/@ant-design/colors/-/colors-4.0.5.tgz",
      "integrity": "sha512-3mnuX2prnWOWvpFTS2WH2LoouWlOgtnIpc6IarWN6GOzzLF8dW/U8UctuvIPhoboETehZfJ61XP+CGakBEPJ3Q==",
      "requires": {
        "tinycolor2": "^1.4.1"
      }
    },
    "@ant-design/css-animation": {
      "version": "1.7.3",
      "resolved": "https://mirrors.huaweicloud.com/repository/npm/@ant-design/css-animation/-/css-animation-1.7.3.tgz",
      "integrity": "sha512-LrX0OGZtW+W6iLnTAqnTaoIsRelYeuLZWsrmBJFUXDALQphPsN8cE5DCsmoSlL0QYb94BQxINiuS70Ar/8BNgA=="
    },
    "@ant-design/icons": {
      "version": "4.2.2",
      "resolved": "https://mirrors.huaweicloud.com/repository/npm/@ant-design/icons/-/icons-4.2.2.tgz",
      "integrity": "sha512-DrVV+wcupnHS7PehJ6KiTcJtAR5c25UMgjGECCc6pUT9rsvw0AuYG+a4HDjfxEQuDqKTHwW+oX/nIvCymyLE8Q==",
      "requires": {
        "@ant-design/colors": "^3.1.0",
        "@ant-design/icons-svg": "^4.0.0",
        "@babel/runtime": "^7.10.4",
        "classnames": "^2.2.6",
        "insert-css": "^2.0.0",
        "rc-util": "^5.0.1"
      },
      "dependencies": {
        "@ant-design/colors": {
          "version": "3.2.2",
          "resolved": "https://mirrors.huaweicloud.com/repository/npm/@ant-design/colors/-/colors-3.2.2.tgz",
          "integrity": "sha512-YKgNbG2dlzqMhA9NtI3/pbY16m3Yl/EeWBRa+lB1X1YaYxHrxNexiQYCLTWO/uDvAjLFMEDU+zR901waBtMtjQ==",
          "requires": {
            "tinycolor2": "^1.4.1"
          }
        }
      }
    },
    "@ant-design/icons-svg": {
      "version": "4.1.0",
      "resolved": "https://mirrors.huaweicloud.com/repository/npm/@ant-design/icons-svg/-/icons-svg-4.1.0.tgz",
      "integrity": "sha512-Fi03PfuUqRs76aI3UWYpP864lkrfPo0hluwGqh7NJdLhvH4iRDc3jbJqZIvRDLHKbXrvAfPPV3+zjUccfFvWOQ=="
    },
    "@ant-design/react-slick": {
      "version": "0.27.10",
      "resolved": "https://mirrors.huaweicloud.com/repository/npm/@ant-design/react-slick/-/react-slick-0.27.10.tgz",
      "integrity": "sha512-Lg/9RlGaYGeFjB1UkvK50xUKf7XgIVpxXVPkm+45/VoA66c3uC1KN5yRxx7AEayHcSPZDqO9TGvMXu1WbbY2vw==",
      "requires": {
        "@babel/runtime": "^7.10.4",
        "classnames": "^2.2.5",
        "json2mq": "^0.2.0",
        "lodash": "^4.17.15",
        "resize-observer-polyfill": "^1.5.0"
      }
    },
    "@babel/runtime": {
      "version": "7.11.2",
      "resolved": "https://mirrors.huaweicloud.com/repository/npm/@babel/runtime/-/runtime-7.11.2.tgz",
      "integrity": "sha512-TeWkU52so0mPtDcaCTxNBI/IHiz0pZgr8VEFqXFtZWpYD08ZB6FaSwVAS8MKRQAP3bYKiVjwysOJgMFY28o6Tw==",
      "requires": {
        "regenerator-runtime": "^0.13.4"
      }
    },
    "amdefine": {
      "version": "1.0.1",
      "resolved": "https://mirrors.huaweicloud.com/repository/npm/amdefine/-/amdefine-1.0.1.tgz",
      "integrity": "sha1-SlKCrBZHKek2Gbz9OtFR+BfOkfU="
    },
    "antd": {
      "version": "4.6.5",
      "resolved": "https://mirrors.huaweicloud.com/repository/npm/antd/-/antd-4.6.5.tgz",
      "integrity": "sha512-heB8TuArpJEtSPOIz1tfY+LOpJnPweKWtQHwcjbW4zWQ+hmFJfKTaYkNWOfeb7w/8YELP+nZ1wVyEPkmM10SEg==",
      "requires": {
        "@ant-design/colors": "^4.0.5",
        "@ant-design/css-animation": "^1.7.2",
        "@ant-design/icons": "^4.2.1",
        "@ant-design/react-slick": "~0.27.0",
        "@babel/runtime": "^7.11.2",
        "array-tree-filter": "^2.1.0",
        "classnames": "^2.2.6",
        "copy-to-clipboard": "^3.2.0",
        "lodash": "^4.17.20",
        "moment": "^2.25.3",
        "omit.js": "^2.0.2",
        "raf": "^3.4.1",
        "rc-animate": "~3.1.0",
        "rc-cascader": "~1.4.0",
        "rc-checkbox": "~2.3.0",
        "rc-collapse": "~2.0.0",
        "rc-dialog": "~8.2.1",
        "rc-drawer": "~4.1.0",
        "rc-dropdown": "~3.2.0",
        "rc-field-form": "~1.10.0",
        "rc-image": "~3.0.6",
        "rc-input-number": "~6.0.0",
        "rc-mentions": "~1.5.0",
        "rc-menu": "~8.7.1",
        "rc-motion": "^2.0.0",
        "rc-notification": "~4.4.0",
        "rc-pagination": "~3.0.3",
        "rc-picker": "~2.1.0",
        "rc-progress": "~3.1.0",
        "rc-rate": "~2.8.2",
        "rc-resize-observer": "^0.2.3",
        "rc-select": "~11.3.2",
        "rc-slider": "~9.4.1",
        "rc-steps": "~4.1.0",
        "rc-switch": "~3.2.0",
        "rc-table": "~7.9.2",
        "rc-tabs": "~11.6.0",
        "rc-textarea": "~0.3.0",
        "rc-tooltip": "~5.0.0",
        "rc-tree": "~3.10.0",
        "rc-tree-select": "~4.1.1",
        "rc-trigger": "~5.0.3",
        "rc-upload": "~3.3.1",
        "rc-util": "^5.1.0",
        "scroll-into-view-if-needed": "^2.2.25",
        "warning": "^4.0.3"
      }
    },
    "ants": {
      "version": "0.0.3-alpha",
      "resolved": "https://mirrors.huaweicloud.com/repository/npm/ants/-/ants-0.0.3-alpha.tgz",
      "integrity": "sha1-Wa+IerdclqF8gBo/DEt3O00Lgrs=",
      "requires": {
        "amdefine": ">=0.0.2"
      }
    },
    "array-tree-filter": {
      "version": "2.1.0",
      "resolved": "https://mirrors.huaweicloud.com/repository/npm/array-tree-filter/-/array-tree-filter-2.1.0.tgz",
      "integrity": "sha512-4ROwICNlNw/Hqa9v+rk5h22KjmzB1JGTMVKP2AKJBOCgb0yL0ASf0+YvCcLNNwquOHNX48jkeZIJ3a+oOQqKcw=="
    },
    "async-validator": {
      "version": "3.4.0",
      "resolved": "https://mirrors.huaweicloud.com/repository/npm/async-validator/-/async-validator-3.4.0.tgz",
      "integrity": "sha512-VrFk4eYiJAWKskEz115iiuCf9O0ftnMMPXrOFMqyzGH2KxO7YwncKyn/FgOOP+0MDHMfXL7gLExagCutaZGigA=="
    },
    "classnames": {
      "version": "2.2.6",
      "resolved": "https://mirrors.huaweicloud.com/repository/npm/classnames/-/classnames-2.2.6.tgz",
      "integrity": "sha512-JR/iSQOSt+LQIWwrwEzJ9uk0xfN3mTVYMwt1Ir5mUcSN6pU+V4zQFFaJsclJbPuAUQH+yfWef6tm7l1quW3C8Q=="
    },
    "compute-scroll-into-view": {
      "version": "1.0.16",
      "resolved": "https://mirrors.huaweicloud.com/repository/npm/compute-scroll-into-view/-/compute-scroll-into-view-1.0.16.tgz",
      "integrity": "sha512-a85LHKY81oQnikatZYA90pufpZ6sQx++BoCxOEMsjpZx+ZnaKGQnCyCehTRr/1p9GBIAHTjcU9k71kSYWloLiQ=="
    },
    "copy-to-clipboard": {
      "version": "3.3.1",
      "resolved": "https://mirrors.huaweicloud.com/repository/npm/copy-to-clipboard/-/copy-to-clipboard-3.3.1.tgz",
      "integrity": "sha512-i13qo6kIHTTpCm8/Wup+0b1mVWETvu2kIMzKoK8FpkLkFxlt0znUAHcMzox+T8sPlqtZXq3CulEjQHsYiGFJUw==",
      "requires": {
        "toggle-selection": "^1.0.6"
      }
    },
    "date-fns": {
      "version": "2.16.1",
      "resolved": "https://mirrors.huaweicloud.com/repository/npm/date-fns/-/date-fns-2.16.1.tgz",
      "integrity": "sha512-sAJVKx/FqrLYHAQeN7VpJrPhagZc9R4ImZIWYRFZaaohR3KzmuK88touwsSwSVT8Qcbd4zoDsnGfX4GFB4imyQ=="
    },
    "dayjs": {
      "version": "1.8.36",
      "resolved": "https://mirrors.huaweicloud.com/repository/npm/dayjs/-/dayjs-1.8.36.tgz",
      "integrity": "sha512-3VmRXEtw7RZKAf+4Tv1Ym9AGeo8r8+CjDi26x+7SYQil1UqtqdaokhzoEJohqlzt0m5kacJSDhJQkG/LWhpRBw=="
    },
    "dom-align": {
      "version": "1.12.0",
      "resolved": "https://mirrors.huaweicloud.com/repository/npm/dom-align/-/dom-align-1.12.0.tgz",
      "integrity": "sha512-YkoezQuhp3SLFGdOlr5xkqZ640iXrnHAwVYcDg8ZKRUtO7mSzSC2BA5V0VuyAwPSJA4CLIc6EDDJh4bEsD2+zA=="
    },
    "hoist-non-react-statics": {
      "version": "3.3.2",
      "resolved": "https://mirrors.huaweicloud.com/repository/npm/hoist-non-react-statics/-/hoist-non-react-statics-3.3.2.tgz",
      "integrity": "sha512-/gGivxi8JPKWNm/W0jSmzcMPpfpPLc3dY/6GxhX2hQ9iGj3aDfklV4ET7NjKpSinLpJ5vafa9iiGIEZg10SfBw==",
      "requires": {
        "react-is": "^16.7.0"
      }
    },
    "insert-css": {
      "version": "2.0.0",
      "resolved": "https://mirrors.huaweicloud.com/repository/npm/insert-css/-/insert-css-2.0.0.tgz",
      "integrity": "sha1-610Ql7dUL0x56jBg067gfQU4gPQ="
    },
    "js-tokens": {
      "version": "4.0.0",
      "resolved": "https://mirrors.huaweicloud.com/repository/npm/js-tokens/-/js-tokens-4.0.0.tgz",
      "integrity": "sha512-RdJUflcE3cUzKiMqQgsCu06FPu9UdIJO0beYbPhHN4k6apgJtifcoCtT9bcxOpYBtpD2kCM6Sbzg4CausW/PKQ=="
    },
    "json2mq": {
      "version": "0.2.0",
      "resolved": "https://mirrors.huaweicloud.com/repository/npm/json2mq/-/json2mq-0.2.0.tgz",
      "integrity": "sha1-tje9O6nqvhIsg+lyBIOusQ0skEo=",
      "requires": {
        "string-convert": "^0.2.0"
      }
    },
    "lodash": {
      "version": "4.17.20",
      "resolved": "https://mirrors.huaweicloud.com/repository/npm/lodash/-/lodash-4.17.20.tgz",
      "integrity": "sha512-PlhdFcillOINfeV7Ni6oF1TAEayyZBoZ8bcshTHqOYJYlrqzRK5hagpagky5o4HfCzzd1TRkXPMFq6cKk9rGmA=="
    },
    "loose-envify": {
      "version": "1.4.0",
      "resolved": "https://mirrors.huaweicloud.com/repository/npm/loose-envify/-/loose-envify-1.4.0.tgz",
      "integrity": "sha512-lyuxPGr/Wfhrlem2CL/UcnUc1zcqKAImBDzukY7Y5F/yQiNdko6+fRLevlw1HgMySw7f611UIY408EtxRSoK3Q==",
      "requires": {
        "js-tokens": "^3.0.0 || ^4.0.0"
      }
    },
    "mini-store": {
      "version": "3.0.6",
      "resolved": "https://mirrors.huaweicloud.com/repository/npm/mini-store/-/mini-store-3.0.6.tgz",
      "integrity": "sha512-YzffKHbYsMQGUWQRKdsearR79QsMzzJcDDmZKlJBqt5JNkqpyJHYlK6gP61O36X+sLf76sO9G6mhKBe83gIZIQ==",
      "requires": {
        "hoist-non-react-statics": "^3.3.2",
        "shallowequal": "^1.0.2"
      }
    },
    "moment": {
      "version": "2.29.0",
      "resolved": "https://mirrors.huaweicloud.com/repository/npm/moment/-/moment-2.29.0.tgz",
      "integrity": "sha512-z6IJ5HXYiuxvFTI6eiQ9dm77uE0gyy1yXNApVHqTcnIKfY9tIwEjlzsZ6u1LQXvVgKeTnv9Xm7NDvJ7lso3MtA=="
    },
    "omit.js": {
      "version": "2.0.2",
      "resolved": "https://mirrors.huaweicloud.com/repository/npm/omit.js/-/omit.js-2.0.2.tgz",
      "integrity": "sha512-hJmu9D+bNB40YpL9jYebQl4lsTW6yEHRTroJzNLqQJYHm7c+NQnJGfZmIWh8S3q3KoaxV1aLhV6B3+0N0/kyJg=="
    },
    "performance-now": {
      "version": "2.1.0",
      "resolved": "https://mirrors.huaweicloud.com/repository/npm/performance-now/-/performance-now-2.1.0.tgz",
      "integrity": "sha1-Ywn04OX6kT7BxpMHrjZLSzd8nns="
    },
    "raf": {
      "version": "3.4.1",
      "resolved": "https://mirrors.huaweicloud.com/repository/npm/raf/-/raf-3.4.1.tgz",
      "integrity": "sha512-Sq4CW4QhwOHE8ucn6J34MqtZCeWFP2aQSmrlroYgqAV1PjStIhJXxYuTgUIfkEk7zTLjmIjLmU5q+fbD1NnOJA==",
      "requires": {
        "performance-now": "^2.1.0"
      }
    },
    "rc-align": {
      "version": "4.0.7",
      "resolved": "https://mirrors.huaweicloud.com/repository/npm/rc-align/-/rc-align-4.0.7.tgz",
      "integrity": "sha512-g2HmhyP3B6q00t91a2HaMdX9MzN1EW5syzflXSLRooMKPwOb3bwYmlfKtsUoCwUJQPXitrAbnKiBmIs1ZmM25g==",
      "requires": {
        "@babel/runtime": "^7.10.1",
        "classnames": "2.x",
        "dom-align": "^1.7.0",
        "rc-util": "^5.0.1",
        "resize-observer-polyfill": "^1.5.1"
      }
    },
    "rc-animate": {
      "version": "3.1.0",
      "resolved": "https://mirrors.huaweicloud.com/repository/npm/rc-animate/-/rc-animate-3.1.0.tgz",
      "integrity": "sha512-8FsM+3B1H+0AyTyGggY6JyVldHTs1CyYT8CfTmG/nGHHXlecvSLeICJhcKgRLjUiQlctNnRtB1rwz79cvBVmrw==",
      "requires": {
        "@ant-design/css-animation": "^1.7.2",
        "classnames": "^2.2.6",
        "raf": "^3.4.0",
        "rc-util": "^5.0.1"
      }
    },
    "rc-cascader": {
      "version": "1.4.0",
      "resolved": "https://mirrors.huaweicloud.com/repository/npm/rc-cascader/-/rc-cascader-1.4.0.tgz",
      "integrity": "sha512-6kgQljDQEKjVAVRkZtvvoi+2qv4u42M6oLuvt4ZDBa16r3X9ZN8TAq3atVyC840ivbGKlHT50OcdVx/iwiHc1w==",
      "requires": {
        "array-tree-filter": "^2.1.0",
        "rc-trigger": "^5.0.4",
        "rc-util": "^5.0.1",
        "warning": "^4.0.1"
      }
    },
    "rc-checkbox": {
      "version": "2.3.1",
      "resolved": "https://mirrors.huaweicloud.com/repository/npm/rc-checkbox/-/rc-checkbox-2.3.1.tgz",
      "integrity": "sha512-i290/iTqmZ0WtI2UPIryqT9rW6O99+an4KeZIyZDH3r+Jbb6YdddaWNdzq7g5m9zaNhJvgjf//wJtC4fvve2Tg==",
      "requires": {
        "@babel/runtime": "^7.10.1",
        "classnames": "^2.2.1"
      }
    },
    "rc-collapse": {
      "version": "2.0.1",
      "resolved": "https://mirrors.huaweicloud.com/repository/npm/rc-collapse/-/rc-collapse-2.0.1.tgz",
      "integrity": "sha512-sRNqwQovzQoptTh7dCwj3kfxrdor2oNXrGSBz+QJxSFS7N3Ujgf8X/KlN2ElCkwBKf7nNv36t9dwH0HEku4wJg==",
      "requires": {
        "@ant-design/css-animation": "^1.7.2",
        "classnames": "2.x",
        "rc-animate": "3.x",
        "rc-util": "^5.2.1",
        "shallowequal": "^1.1.0"
      }
    },
    "rc-dialog": {
      "version": "8.2.2",
      "resolved": "https://mirrors.huaweicloud.com/repository/npm/rc-dialog/-/rc-dialog-8.2.2.tgz",
      "integrity": "sha512-U4jR5bE7XpIbMC20JAIv91254b+vQ8LODd8Kxco0XvkL+eJ1aCYkOfRqevJ1ipOIzF3s6F08jSH8YvJqxvpAvA==",
      "requires": {
        "@babel/runtime": "^7.10.1",
        "rc-animate": "3.x",
        "rc-util": "^5.0.1"
      }
    },
    "rc-drawer": {
      "version": "4.1.0",
      "resolved": "https://mirrors.huaweicloud.com/repository/npm/rc-drawer/-/rc-drawer-4.1.0.tgz",
      "integrity": "sha512-kjeQFngPjdzAFahNIV0EvEBoIKMOnvUsAxpkSPELoD/1DuR4nLafom5ryma+TIxGwkFJ92W6yjsMi1U9aiOTeQ==",
      "requires": {
        "@babel/runtime": "^7.10.1",
        "classnames": "^2.2.6",
        "rc-util": "^5.0.1"
      }
    },
    "rc-dropdown": {
      "version": "3.2.0",
      "resolved": "https://mirrors.huaweicloud.com/repository/npm/rc-dropdown/-/rc-dropdown-3.2.0.tgz",
      "integrity": "sha512-j1HSw+/QqlhxyTEF6BArVZnTmezw2LnSmRk6I9W7BCqNCKaRwleRmMMs1PHbuaG8dKHVqP6e21RQ7vPBLVnnNw==",
      "requires": {
        "@babel/runtime": "^7.10.1",
        "classnames": "^2.2.6",
        "rc-trigger": "^5.0.4"
      }
    },
    "rc-field-form": {
      "version": "1.10.1",
      "resolved": "https://mirrors.huaweicloud.com/repository/npm/rc-field-form/-/rc-field-form-1.10.1.tgz",
      "integrity": "sha512-aosTtNTqLYX2jsG5GyCv7axe+b57XH73T7TmmrX/cmhemhtFjvNE6RkRkmtP9VOJnZg5YGC5HfK172cnJ1Ij7Q==",
      "requires": {
        "@babel/runtime": "^7.8.4",
        "async-validator": "^3.0.3",
        "rc-util": "^5.0.0"
      }
    },
    "rc-image": {
      "version": "3.0.6",
      "resolved": "https://mirrors.huaweicloud.com/repository/npm/rc-image/-/rc-image-3.0.6.tgz",
      "integrity": "sha512-Dn8mTSlcgKJko417OX8+6yyNIL9+DEa81aexBfT78qWlEpcxtR4GgdsU0+zJLNqa2rnGZyjaBLFtaPw9tUuxYA==",
      "requires": {
        "@ant-design/icons": "^4.2.2",
        "@babel/runtime": "^7.11.2",
        "classnames": "^2.2.6",
        "rc-dialog": "~8.2.2",
        "rc-util": "^5.0.6"
      }
    },
    "rc-input-number": {
      "version": "6.0.1",
      "resolved": "https://mirrors.huaweicloud.com/repository/npm/rc-input-number/-/rc-input-number-6.0.1.tgz",
      "integrity": "sha512-cS1k6IB/V84VUQd5qWzGFrLHvZjWGHGmYbrvR0QP/C1Ju1SlBqlhqhOBTc6w+dpPs84PCH5caZtNzsHeWZ1zYA==",
      "requires": {
        "@babel/runtime": "^7.10.1",
        "classnames": "^2.2.5",
        "rc-util": "^5.0.1"
      }
    },
    "rc-mentions": {
      "version": "1.5.0",
      "resolved": "https://mirrors.huaweicloud.com/repository/npm/rc-mentions/-/rc-mentions-1.5.0.tgz",
      "integrity": "sha512-qIOBEDm/UfYRdSynx3q8ce+OmsoAXvdCs/xgPsVxBb3Snivr7bxGKA5pfuBLuBoUyF5g8SOsIYyo3kwMmFNa4w==",
      "requires": {
        "@babel/runtime": "^7.10.1",
        "classnames": "^2.2.6",
        "rc-menu": "^8.0.1",
        "rc-textarea": "^0.3.0",
        "rc-trigger": "^5.0.4",
        "rc-util": "^5.0.1"
      }
    },
    "rc-menu": {
      "version": "8.7.1",
      "resolved": "https://mirrors.huaweicloud.com/repository/npm/rc-menu/-/rc-menu-8.7.1.tgz",
      "integrity": "sha512-CuuJ9oS1oPAfenqAMa3CZZE7RrPcPTHV3310cf6RO2uJgE9ztqasRFMEBwtruH16OexTr0igTCXySm+e2/TBQg==",
      "requires": {
        "@babel/runtime": "^7.10.1",
        "classnames": "2.x",
        "mini-store": "^3.0.1",
        "omit.js": "^2.0.0",
        "rc-motion": "^2.0.1",
        "rc-trigger": "^5.0.4",
        "rc-util": "^5.0.1",
        "resize-observer-polyfill": "^1.5.0",
        "shallowequal": "^1.1.0"
      }
    },
    "rc-motion": {
      "version": "2.0.1",
      "resolved": "https://mirrors.huaweicloud.com/repository/npm/rc-motion/-/rc-motion-2.0.1.tgz",
      "integrity": "sha512-spiBod/mQhbAt4ynq0P7TYa8OXAgg/nEloU0jrTO2X4wVkVTI8ynadyjgq7Tr55pegTsuCbYlysEsIdsSrcU0g==",
      "requires": {
        "@babel/runtime": "^7.11.1",
        "classnames": "^2.2.1",
        "rc-util": "^5.2.1"
      }
    },
    "rc-notification": {
      "version": "4.4.0",
      "resolved": "https://mirrors.huaweicloud.com/repository/npm/rc-notification/-/rc-notification-4.4.0.tgz",
      "integrity": "sha512-IDeNAFGVeOsy1tv4zNVqMAXB9tianR80ewQbtObaAQfjwAjWfONdqdyjFkEU6nc6UQhSUYA5OcTGb7kwwbnh0g==",
      "requires": {
        "@babel/runtime": "^7.10.1",
        "classnames": "2.x",
        "rc-animate": "3.x",
        "rc-util": "^5.0.1"
      }
    },
    "rc-pagination": {
      "version": "3.0.4",
      "resolved": "https://mirrors.huaweicloud.com/repository/npm/rc-pagination/-/rc-pagination-3.0.4.tgz",
      "integrity": "sha512-9v9mmB7FTWS4kWRLFfWafm6LtvB+xdNi+pTIwUODSevzImrlrmMOIhDrOB3u2tEXiy8LyqvCnoyPYt5jQBapxA==",
      "requires": {
        "@babel/runtime": "^7.10.1",
        "classnames": "^2.2.1"
      }
    },
    "rc-picker": {
      "version": "2.1.0",
      "resolved": "https://mirrors.huaweicloud.com/repository/npm/rc-picker/-/rc-picker-2.1.0.tgz",
      "integrity": "sha512-Tu8+yR0qnBVND4v+eta8GRkLu4OvTUaxlk7ZHDAkVFm1RHLAl1GzA6Foni9vcpkMnFMFD6EzpaOlkArI0ryuDA==",
      "requires": {
        "@babel/runtime": "^7.10.1",
        "classnames": "^2.2.1",
        "date-fns": "^2.15.0",
        "dayjs": "^1.8.30",
        "moment": "^2.24.0",
        "rc-trigger": "^5.0.4",
        "rc-util": "^5.0.1",
        "shallowequal": "^1.1.0"
      }
    },
    "rc-progress": {
      "version": "3.1.0",
      "resolved": "https://mirrors.huaweicloud.com/repository/npm/rc-progress/-/rc-progress-3.1.0.tgz",
      "integrity": "sha512-DIe9CFkGA4R/pLZ/4nPChQFmIeB8/4tVCr2knlSf9he71j8Fky469zZHhtCFyNwvNGjw/GVDeoTn4BqU4S0ylw==",
      "requires": {
        "@babel/runtime": "^7.10.1",
        "classnames": "^2.2.6"
      }
    },
    "rc-rate": {
      "version": "2.8.2",
      "resolved": "https://mirrors.huaweicloud.com/repository/npm/rc-rate/-/rc-rate-2.8.2.tgz",
      "integrity": "sha512-f9T/D+ZwWQrWHkpidpQbnXpnVMGMC4eSRAkwuu88a8Qv1C/9LNc4AErazoh8tpnZBFqq19F3j0Glv+sDgkfEig==",
      "requires": {
        "@babel/runtime": "^7.10.1",
        "classnames": "^2.2.5",
        "rc-util": "^5.0.1"
      }
    },
    "rc-resize-observer": {
      "version": "0.2.5",
      "resolved": "https://mirrors.huaweicloud.com/repository/npm/rc-resize-observer/-/rc-resize-observer-0.2.5.tgz",
      "integrity": "sha512-cc4sOI722MVoCkGf/ZZybDVsjxvnH0giyDdA7wBJLTiMSFJ0eyxBMnr0JLYoClxftjnr75Xzl/VUB3HDrAx04Q==",
      "requires": {
        "@babel/runtime": "^7.10.1",
        "classnames": "^2.2.1",
        "rc-util": "^5.0.0",
        "resize-observer-polyfill": "^1.5.1"
      }
    },
    "rc-select": {
      "version": "11.3.3",
      "resolved": "https://mirrors.huaweicloud.com/repository/npm/rc-select/-/rc-select-11.3.3.tgz",
      "integrity": "sha512-YMsGVEZxXctj15nIZKlFCkiOxMe0PNBeACN6nHqDozDYKR/aqP8J3XZqZ5Gw/fcgS4bI50zPVMieJKlY8/6Wfw==",
      "requires": {
        "@babel/runtime": "^7.10.1",
        "classnames": "2.x",
        "rc-motion": "^2.0.1",
        "rc-trigger": "^5.0.4",
        "rc-util": "^5.0.1",
        "rc-virtual-list": "^3.0.3",
        "warning": "^4.0.3"
      }
    },
    "rc-slider": {
      "version": "9.4.1",
      "resolved": "https://mirrors.huaweicloud.com/repository/npm/rc-slider/-/rc-slider-9.4.1.tgz",
      "integrity": "sha512-MTynuHuqsT1Gc4arFaEOt4w7JJU/BJTqnuMETp5XyCgJnF6EmMAIH8xp1j3HzlqEhT+OsP+Pxvu5yEeuk71D6A==",
      "requires": {
        "@babel/runtime": "^7.10.1",
        "classnames": "^2.2.5",
        "rc-tooltip": "^5.0.1",
        "rc-util": "^5.0.0",
        "shallowequal": "^1.1.0"
      }
    },
    "rc-steps": {
      "version": "4.1.2",
      "resolved": "https://mirrors.huaweicloud.com/repository/npm/rc-steps/-/rc-steps-4.1.2.tgz",
      "integrity": "sha512-kTPiojPtJi12Y7whRqlydRgJXQ1u9JlvGchI6xDrmOMZVpCTLpfc/18iu+aHCtCZaSnM2ENU/9lfm/naWVFcRw==",
      "requires": {
        "@babel/runtime": "^7.10.2",
        "classnames": "^2.2.3",
        "rc-util": "^5.0.1"
      }
    },
    "rc-switch": {
      "version": "3.2.1",
      "resolved": "https://mirrors.huaweicloud.com/repository/npm/rc-switch/-/rc-switch-3.2.1.tgz",
      "integrity": "sha512-ZXYSmx2U+bpHjljjqS5LGj2UIPcQk0EAq6japkaOzQ/OcyzMwWVD9oXMjcRZdO5W1g/pClIV70uEBOWuBMqP4g==",
      "requires": {
        "@babel/runtime": "^7.10.1",
        "classnames": "^2.2.1",
        "rc-util": "^5.0.1"
      }
    },
    "rc-table": {
      "version": "7.9.10",
      "resolved": "https://mirrors.huaweicloud.com/repository/npm/rc-table/-/rc-table-7.9.10.tgz",
      "integrity": "sha512-WtPBxYsBU/a5MIglilbMlVkiXkPKXpUM/CPCFaqA2veh1b7J40mbTGQmU8VT6S0FClkI5jm0QBtSp6LstPkOMQ==",
      "requires": {
        "@babel/runtime": "^7.10.1",
        "classnames": "^2.2.5",
        "raf": "^3.4.1",
        "rc-resize-observer": "^0.2.0",
        "rc-util": "^5.0.4",
        "shallowequal": "^1.1.0"
      }
    },
    "rc-tabs": {
      "version": "11.6.2",
      "resolved": "https://mirrors.huaweicloud.com/repository/npm/rc-tabs/-/rc-tabs-11.6.2.tgz",
      "integrity": "sha512-7Z5Lg+nP/H4V7dIlewrOC0+aogRVH3ASjTy4VIletYOeStGPWYSfwBnUTBdcCXcUuWuyyKnNkYrUD0yaRqUCIA==",
      "requires": {
        "@babel/runtime": "^7.11.2",
        "classnames": "2.x",
        "raf": "^3.4.1",
        "rc-dropdown": "^3.1.3",
        "rc-menu": "^8.6.1",
        "rc-resize-observer": "^0.2.1",
        "rc-util": "^5.0.0"
      }
    },
    "rc-textarea": {
      "version": "0.3.0",
      "resolved": "https://mirrors.huaweicloud.com/repository/npm/rc-textarea/-/rc-textarea-0.3.0.tgz",
      "integrity": "sha512-vrTPkPT6wrO7EI8ouLFZZLXA1pFVrVRCnkmyyf0yRComFbcH1ogmFEGu85CjVT96rQqAiQFOe0QV3nKopZOJow==",
      "requires": {
        "@babel/runtime": "^7.10.1",
        "classnames": "^2.2.1",
        "omit.js": "^2.0.0",
        "rc-resize-observer": "^0.2.3"
      }
    },
    "rc-tooltip": {
      "version": "5.0.1",
      "resolved": "https://mirrors.huaweicloud.com/repository/npm/rc-tooltip/-/rc-tooltip-5.0.1.tgz",
      "integrity": "sha512-3AnxhUS0j74xAV3khrKw8o6rg+Ima3nw09DJBezMPnX3ImQUAnayWsPSlN1mEnihjA43rcFkGM1emiKE+CXyMQ==",
      "requires": {
        "@babel/runtime": "^7.11.2",
        "rc-trigger": "^5.0.0"
      }
    },
    "rc-tree": {
      "version": "3.10.0",
      "resolved": "https://mirrors.huaweicloud.com/repository/npm/rc-tree/-/rc-tree-3.10.0.tgz",
      "integrity": "sha512-kf7J/f2E2T8Kfta3/1BIg65AzTmXOgOjn0KOpvD3KI/gqkfKMRKUS1ybkxW39JUPpKwdeOHFnYH+nFFMq7tkfg==",
      "requires": {
        "@babel/runtime": "^7.10.1",
        "classnames": "2.x",
        "rc-motion": "^2.0.1",
        "rc-util": "^5.0.0",
        "rc-virtual-list": "^3.0.1"
      }
    },
    "rc-tree-select": {
      "version": "4.1.2",
      "resolved": "https://mirrors.huaweicloud.com/repository/npm/rc-tree-select/-/rc-tree-select-4.1.2.tgz",
      "integrity": "sha512-2tRwZ4ChY+BarVKHoPR65kSZtopgwKCig6ngJiiTVgYfRdAhfdQp2j2+L8YW9TkosYGmwgTOhmlphlG3QNy7Pg==",
      "requires": {
        "@babel/runtime": "^7.10.1",
        "classnames": "2.x",
        "rc-select": "^11.1.1",
        "rc-tree": "^3.8.0",
        "rc-util": "^5.0.5"
      }
    },
    "rc-trigger": {
      "version": "5.0.6",
      "resolved": "https://mirrors.huaweicloud.com/repository/npm/rc-trigger/-/rc-trigger-5.0.6.tgz",
      "integrity": "sha512-L/xIX5OO7a/bdTH0yYT9mwAsV6oM1inAqAbLjoUzpcIW+UUE3jjVOjm5VaKDfHd41rzDzOfN05URmhet5QzXKQ==",
      "requires": {
        "@babel/runtime": "^7.11.2",
        "classnames": "^2.2.6",
        "rc-align": "^4.0.0",
        "rc-motion": "^2.0.0",
        "rc-util": "^5.3.4"
      }
    },
    "rc-upload": {
      "version": "3.3.1",
      "resolved": "https://mirrors.huaweicloud.com/repository/npm/rc-upload/-/rc-upload-3.3.1.tgz",
      "integrity": "sha512-KWkJbVM9BwU8qi/2jZwmZpAcdRzDkuyfn/yAOLu+nm47dyd6//MtxzQD3XZDFkC6jQ6D5FmlKn6DhmOfV3v43w==",
      "requires": {
        "@babel/runtime": "^7.10.1",
        "classnames": "^2.2.5",
        "rc-util": "^5.2.0"
      }
    },
    "rc-util": {
      "version": "file:util-master",
      "requires": {
        "react-is": "^16.12.0",
        "shallowequal": "^1.1.0"
      }
    },
    "rc-virtual-list": {
      "version": "3.1.0",
      "resolved": "https://mirrors.huaweicloud.com/repository/npm/rc-virtual-list/-/rc-virtual-list-3.1.0.tgz",
      "integrity": "sha512-DYU3wOjVuQo4hzYvmmpnoNtxrd8OIcutazA90x374ZFGGm4xYoSjCdh6UhBLi47IJI2BRry4l583nuoi7+06GA==",
      "requires": {
        "classnames": "^2.2.6",
        "rc-resize-observer": "^0.2.3",
        "rc-util": "^5.0.7"
      }
    },
    "react-is": {
      "version": "16.13.1",
      "resolved": "https://mirrors.huaweicloud.com/repository/npm/react-is/-/react-is-16.13.1.tgz",
      "integrity": "sha512-24e6ynE2H+OKt4kqsOvNd8kBpV65zoxbA4BVsEOB3ARVWQki/DHzaUoC5KuON/BiccDaCCTZBuOcfZs70kR8bQ=="
    },
    "regenerator-runtime": {
      "version": "0.13.7",
      "resolved": "https://mirrors.huaweicloud.com/repository/npm/regenerator-runtime/-/regenerator-runtime-0.13.7.tgz",
      "integrity": "sha512-a54FxoJDIr27pgf7IgeQGxmqUNYrcV338lf/6gH456HZ/PhX+5BcwHXG9ajESmwe6WRO0tAzRUrRmNONWgkrew=="
    },
    "resize-observer-polyfill": {
      "version": "1.5.1",
      "resolved": "https://mirrors.huaweicloud.com/repository/npm/resize-observer-polyfill/-/resize-observer-polyfill-1.5.1.tgz",
      "integrity": "sha512-LwZrotdHOo12nQuZlHEmtuXdqGoOD0OhaxopaNFxWzInpEgaLWoVuAMbTzixuosCx2nEG58ngzW3vxdWoxIgdg=="
    },
    "scroll-into-view-if-needed": {
      "version": "2.2.26",
      "resolved": "https://mirrors.huaweicloud.com/repository/npm/scroll-into-view-if-needed/-/scroll-into-view-if-needed-2.2.26.tgz",
      "integrity": "sha512-SQ6AOKfABaSchokAmmaxVnL9IArxEnLEX9j4wAZw+x4iUTb40q7irtHG3z4GtAWz5veVZcCnubXDBRyLVQaohw==",
      "requires": {
        "compute-scroll-into-view": "^1.0.16"
      }
    },
    "shallowequal": {
      "version": "1.1.0",
      "resolved": "https://mirrors.huaweicloud.com/repository/npm/shallowequal/-/shallowequal-1.1.0.tgz",
      "integrity": "sha512-y0m1JoUZSlPAjXVtPPW70aZWfIL/dSP7AFkRnniLCrK/8MDKog3TySTBmckD+RObVxH0v4Tox67+F14PdED2oQ=="
    },
    "string-convert": {
      "version": "0.2.1",
      "resolved": "https://mirrors.huaweicloud.com/repository/npm/string-convert/-/string-convert-0.2.1.tgz",
      "integrity": "sha1-aYLMMEn7tM2F+LJFaLnZvznu/5c="
    },
    "tinycolor2": {
      "version": "1.4.1",
      "resolved": "https://mirrors.huaweicloud.com/repository/npm/tinycolor2/-/tinycolor2-1.4.1.tgz",
      "integrity": "sha1-9PrTM0R7wLB9TcjpIJ2POaisd+g="
    },
    "toggle-selection": {
      "version": "1.0.6",
      "resolved": "https://mirrors.huaweicloud.com/repository/npm/toggle-selection/-/toggle-selection-1.0.6.tgz",
      "integrity": "sha1-bkWxJj8gF/oKzH2J14sVuL932jI="
    },
    "warning": {
      "version": "4.0.3",
      "resolved": "https://mirrors.huaweicloud.com/repository/npm/warning/-/warning-4.0.3.tgz",
      "integrity": "sha512-rpJyN222KWIvHJ/F53XSZv0Zl/accqHR8et1kpaMTD/fLCRxtV8iX8czMzY7sVZupTI3zcUTg8eycS2kNF9l6w==",
      "requires": {
        "loose-envify": "^1.0.0"
      }
    }
  }
}
